
Microsoft Visual Studio Solution File, Format Version 12.00
# Visual Studio Version 16
VisualStudioVersion = 16.0.30204.135
MinimumVisualStudioVersion = 10.0.40219.1
Project("{9A19103F-16F7-4668-BE54-9A1E7A4F7556}") = "Daniel_Roberts_Unit4_IT481", "Daniel_Roberts_Unit4_IT481\Daniel_Roberts_Unit4_IT481.csproj", "{67147049-92BD-481D-9968-5386190C94FF}"
EndProject
Project("{FAE04EC0-301F-11D3-BF4B-00C04F79EFBC}") = "Daniel_Roberts_Unit4_IT481_Tests", "Daniel_Roberts_Unit4_IT481_Tests\Daniel_Roberts_Unit4_IT481_Tests.csproj", "{1AB4AC81-A228-49FB-B072-24D185C0BCA9}"
EndProject
Global
	GlobalSection(SolutionConfigurationPlatforms) = preSolution
		Debug|Any CPU = Debug|Any CPU
		Release|Any CPU = Release|Any CPU
	EndGlobalSection
	GlobalSection(ProjectConfigurationPlatforms) = postSolution
		{67147049-92BD-481D-9968-5386190C94FF}.Debug|Any CPU.ActiveCfg = Debug|Any CPU
		{67147049-92BD-481D-9968-5386190C94FF}.Debug|Any CPU.Build.0 = Debug|Any CPU
		{67147049-92BD-481D-9968-5386190C94FF}.Release|Any CPU.ActiveCfg = Release|Any CPU
		{67147049-92BD-481D-9968-5386190C94FF}.Release|Any CPU.Build.0 = Release|Any CPU
		{1AB4AC81-A228-49FB-B072-24D185C0BCA9}.Debug|Any CPU.ActiveCfg = Debug|Any CPU
		{1AB4AC81-A228-49FB-B072-24D185C0BCA9}.Debug|Any CPU.Build.0 = Debug|Any CPU
		{1AB4AC81-A228-49FB-B072-24D185C0BCA9}.Release|Any CPU.ActiveCfg = Release|Any CPU
		{1AB4AC81-A228-49FB-B072-24D185C0BCA9}.Release|Any CPU.Build.0 = Release|Any CPU
	EndGlobalSection
	GlobalSection(SolutionProperties) = preSolution
		HideSolutionNode = FALSE
	EndGlobalSection
	GlobalSection(ExtensibilityGlobals) = postSolution
		SolutionGuid = {F55883FA-1990-41CB-9434-B50AF678334D}
	EndGlobalSection
EndGlobal
